
Microsoft Visual Studio Solution File, Format Version 12.00
# Visual Studio Version 16
VisualStudioVersion = 16.0.30711.63
MinimumVisualStudioVersion = 10.0.40219.1
Project("{FAE04EC0-301F-11D3-BF4B-00C04F79EFBC}") = "mem_database", "mem_database\mem_database.csproj", "{5E8E19FF-FB90-483F-B674-E409163B8DA3}"
EndProject
Global
	GlobalSection(SolutionConfigurationPlatforms) = preSolution
		Debug|Any CPU = Debug|Any CPU
		Release|Any CPU = Release|Any CPU
	EndGlobalSection
	GlobalSection(ProjectConfigurationPlatforms) = postSolution
		{5E8E19FF-FB90-483F-B674-E409163B8DA3}.Debug|Any CPU.ActiveCfg = Debug|Any CPU
		{5E8E19FF-FB90-483F-B674-E409163B8DA3}.Debug|Any CPU.Build.0 = Debug|Any CPU
		{5E8E19FF-FB90-483F-B674-E409163B8DA3}.Release|Any CPU.ActiveCfg = Release|Any CPU
		{5E8E19FF-FB90-483F-B674-E409163B8DA3}.Release|Any CPU.Build.0 = Release|Any CPU
	EndGlobalSection
	GlobalSection(SolutionProperties) = preSolution
		HideSolutionNode = FALSE
	EndGlobalSection
	GlobalSection(ExtensibilityGlobals) = postSolution
		SolutionGuid = {FBE0AB63-7F51-427D-8633-2907B7948B26}
	EndGlobalSection
EndGlobal
